
Microsoft Visual Studio Solution File, Format Version 12.00
# Visual Studio Version 16
VisualStudioVersion = 16.0.28917.181
MinimumVisualStudioVersion = 10.0.40219.1
Project("{FAE04EC0-301F-11D3-BF4B-00C04F79EFBC}") = "Projekt_VisualBank", "Projekt_VisualBank\Projekt_VisualBank.csproj", "{BF7A86DF-7DFB-45B1-A00F-E13258882D27}"
EndProject
Global
	GlobalSection(SolutionConfigurationPlatforms) = preSolution
		Debug|Any CPU = Debug|Any CPU
		Release|Any CPU = Release|Any CPU
	EndGlobalSection
	GlobalSection(ProjectConfigurationPlatforms) = postSolution
		{BF7A86DF-7DFB-45B1-A00F-E13258882D27}.Debug|Any CPU.ActiveCfg = Debug|Any CPU
		{BF7A86DF-7DFB-45B1-A00F-E13258882D27}.Debug|Any CPU.Build.0 = Debug|Any CPU
		{BF7A86DF-7DFB-45B1-A00F-E13258882D27}.Release|Any CPU.ActiveCfg = Release|Any CPU
		{BF7A86DF-7DFB-45B1-A00F-E13258882D27}.Release|Any CPU.Build.0 = Release|Any CPU
	EndGlobalSection
	GlobalSection(SolutionProperties) = preSolution
		HideSolutionNode = FALSE
	EndGlobalSection
	GlobalSection(ExtensibilityGlobals) = postSolution
		SolutionGuid = {D386B6B5-FADC-481D-9E4F-A0E4FBCB11D2}
	EndGlobalSection
EndGlobal
